version: 1
checksums:
  63a70bdf7443a6a6269dee57a7b0f716:
    hello: 16802e9578ffdd15a0e57b4ee9fcbf3a
    welcome: 130512f25b7d89bcfb415b28ba3d8a10
    new: dadfb7337f7a35d182dd42542db11345
    new-feature: c0550c0aeafc54983c1eda203563f9bc
    counter: 8a1e7a9e646c72c2259e67556795eca4
    click: 5469e0e46fdd7106210052ce1570bfd2
