version: 1
checksums:
  63a70bdf7443a6a6269dee57a7b0f716:
    hello: 16802e9578ffdd15a0e57b4ee9fcbf3a
    welcome: 130512f25b7d89bcfb415b28ba3d8a10
    new: dadfb7337f7a35d182dd42542db11345
    new-feature: 7cd986af1fe5e89abe7ecffba5413110
    new-feature-2: ac641521f74c947ffca36ccb97812264
    new-feature-3: 9b4e64c818170b16371fea5ae6618521
    new-feature-4: 7ffacf88314a4fbaf3e5ea6069f6fd7e
